
Microsoft Visual Studio Solution File, Format Version 12.00
# Visual Studio 15
VisualStudioVersion = 15.0.26124.0
MinimumVisualStudioVersion = 15.0.26124.0
Project("{2150E333-8FDC-42A3-9474-1A3956D46DE8}") = "src", "src", "{FF2CD58A-7FF2-4BE5-A392-93DF2AD8CA48}"
EndProject
Project("{2150E333-8FDC-42A3-9474-1A3956D46DE8}") = "core", "core", "{62FFA651-01C3-476C-8D84-5574EF923446}"
EndProject
Project("{9A19103F-16F7-4668-BE54-9A1E7A4F7556}") = "CleanExample.Core.Common", "src\core\CleanExample.Core.Common\CleanExample.Core.Common.csproj", "{11795676-C97E-42AD-9FCA-524BD7A37895}"
EndProject
Project("{9A19103F-16F7-4668-BE54-9A1E7A4F7556}") = "CleanExample.Core.Products", "src\core\CleanExample.Core.Products\CleanExample.Core.Products.csproj", "{4906889F-6DE9-4CCF-BE65-C1182FBDF0C1}"
EndProject
Project("{2150E333-8FDC-42A3-9474-1A3956D46DE8}") = "test", "test", "{132374FA-3C5B-4EF7-ACBB-401C6E75DE22}"
EndProject
Project("{2150E333-8FDC-42A3-9474-1A3956D46DE8}") = "services", "services", "{C6D909C3-7FA3-48A6-8D92-CA3F449A98AE}"
EndProject
Project("{9A19103F-16F7-4668-BE54-9A1E7A4F7556}") = "CleanExample.MockServices.Common", "src\services\CleanExample.MockServices.Common\CleanExample.MockServices.Common.csproj", "{59D906DE-499C-4751-8931-7A3012F031B4}"
EndProject
Project("{9A19103F-16F7-4668-BE54-9A1E7A4F7556}") = "CleanExample.MockServices.Products", "src\services\CleanExample.MockServices.Products\CleanExample.MockServices.Products.csproj", "{564D399B-1E76-40DD-8608-0260784B97B4}"
EndProject
Project("{9A19103F-16F7-4668-BE54-9A1E7A4F7556}") = "CleanExample.Test.Products", "test\CleanExample.Test.Products\CleanExample.Test.Products.csproj", "{62B72E58-14CB-41FE-826A-15F1B60B0EAE}"
EndProject
Global
	GlobalSection(SolutionConfigurationPlatforms) = preSolution
		Debug|Any CPU = Debug|Any CPU
		Release|Any CPU = Release|Any CPU
	EndGlobalSection
	GlobalSection(ProjectConfigurationPlatforms) = postSolution
		{11795676-C97E-42AD-9FCA-524BD7A37895}.Debug|Any CPU.ActiveCfg = Debug|Any CPU
		{11795676-C97E-42AD-9FCA-524BD7A37895}.Debug|Any CPU.Build.0 = Debug|Any CPU
		{11795676-C97E-42AD-9FCA-524BD7A37895}.Release|Any CPU.ActiveCfg = Release|Any CPU
		{11795676-C97E-42AD-9FCA-524BD7A37895}.Release|Any CPU.Build.0 = Release|Any CPU
		{4906889F-6DE9-4CCF-BE65-C1182FBDF0C1}.Debug|Any CPU.ActiveCfg = Debug|Any CPU
		{4906889F-6DE9-4CCF-BE65-C1182FBDF0C1}.Debug|Any CPU.Build.0 = Debug|Any CPU
		{4906889F-6DE9-4CCF-BE65-C1182FBDF0C1}.Release|Any CPU.ActiveCfg = Release|Any CPU
		{4906889F-6DE9-4CCF-BE65-C1182FBDF0C1}.Release|Any CPU.Build.0 = Release|Any CPU
		{59D906DE-499C-4751-8931-7A3012F031B4}.Debug|Any CPU.ActiveCfg = Debug|Any CPU
		{59D906DE-499C-4751-8931-7A3012F031B4}.Debug|Any CPU.Build.0 = Debug|Any CPU
		{59D906DE-499C-4751-8931-7A3012F031B4}.Release|Any CPU.ActiveCfg = Release|Any CPU
		{59D906DE-499C-4751-8931-7A3012F031B4}.Release|Any CPU.Build.0 = Release|Any CPU
		{564D399B-1E76-40DD-8608-0260784B97B4}.Debug|Any CPU.ActiveCfg = Debug|Any CPU
		{564D399B-1E76-40DD-8608-0260784B97B4}.Debug|Any CPU.Build.0 = Debug|Any CPU
		{564D399B-1E76-40DD-8608-0260784B97B4}.Release|Any CPU.ActiveCfg = Release|Any CPU
		{564D399B-1E76-40DD-8608-0260784B97B4}.Release|Any CPU.Build.0 = Release|Any CPU
		{62B72E58-14CB-41FE-826A-15F1B60B0EAE}.Debug|Any CPU.ActiveCfg = Debug|Any CPU
		{62B72E58-14CB-41FE-826A-15F1B60B0EAE}.Debug|Any CPU.Build.0 = Debug|Any CPU
		{62B72E58-14CB-41FE-826A-15F1B60B0EAE}.Release|Any CPU.ActiveCfg = Release|Any CPU
		{62B72E58-14CB-41FE-826A-15F1B60B0EAE}.Release|Any CPU.Build.0 = Release|Any CPU
	EndGlobalSection
	GlobalSection(SolutionProperties) = preSolution
		HideSolutionNode = FALSE
	EndGlobalSection
	GlobalSection(NestedProjects) = preSolution
		{62FFA651-01C3-476C-8D84-5574EF923446} = {FF2CD58A-7FF2-4BE5-A392-93DF2AD8CA48}
		{11795676-C97E-42AD-9FCA-524BD7A37895} = {62FFA651-01C3-476C-8D84-5574EF923446}
		{4906889F-6DE9-4CCF-BE65-C1182FBDF0C1} = {62FFA651-01C3-476C-8D84-5574EF923446}
		{C6D909C3-7FA3-48A6-8D92-CA3F449A98AE} = {FF2CD58A-7FF2-4BE5-A392-93DF2AD8CA48}
		{59D906DE-499C-4751-8931-7A3012F031B4} = {C6D909C3-7FA3-48A6-8D92-CA3F449A98AE}
		{564D399B-1E76-40DD-8608-0260784B97B4} = {C6D909C3-7FA3-48A6-8D92-CA3F449A98AE}
		{62B72E58-14CB-41FE-826A-15F1B60B0EAE} = {132374FA-3C5B-4EF7-ACBB-401C6E75DE22}
	EndGlobalSection
	GlobalSection(ExtensibilityGlobals) = postSolution
		SolutionGuid = {5317292D-4A77-484C-8597-601C23304438}
	EndGlobalSection
EndGlobal
